// !$*UTF8*$!
{
	archiveVersion = 1;
	classes = {
	};
	objectVersion = 56;
	objects = {

/* Begin PBXBuildFile section */
		F27C970B2B29FCFA00B70B77 /* Coordinator_SwiftUIApp.swift in Sources */ = {isa = PBXBuildFile; fileRef = F27C970A2B29FCFA00B70B77 /* Coordinator_SwiftUIApp.swift */; };
		F27C970D2B29FCFA00B70B77 /* ContentView.swift in Sources */ = {isa = PBXBuildFile; fileRef = F27C970C2B29FCFA00B70B77 /* ContentView.swift */; };
		F27C970F2B29FCFB00B70B77 /* Assets.xcassets in Resources */ = {isa = PBXBuildFile; fileRef = F27C970E2B29FCFB00B70B77 /* Assets.xcassets */; };
		F27C97122B29FCFB00B70B77 /* Preview Assets.xcassets in Resources */ = {isa = PBXBuildFile; fileRef = F27C97112B29FCFB00B70B77 /* Preview Assets.xcassets */; };
		F27C97192B29FD2500B70B77 /* BananaView.swift in Sources */ = {isa = PBXBuildFile; fileRef = F27C97182B29FD2500B70B77 /* BananaView.swift */; };
		F27C971B2B29FD3300B70B77 /* AppleView.swift in Sources */ = {isa = PBXBuildFile; fileRef = F27C971A2B29FD3300B70B77 /* AppleView.swift */; };
		F27C971D2B29FD3D00B70B77 /* LemonView.swift in Sources */ = {isa = PBXBuildFile; fileRef = F27C971C2B29FD3D00B70B77 /* LemonView.swift */; };
		F27C971F2B29FD4B00B70B77 /* OliveView.swift in Sources */ = {isa = PBXBuildFile; fileRef = F27C971E2B29FD4B00B70B77 /* OliveView.swift */; };
		F27C97212B29FD5600B70B77 /* CarrotView.swift in Sources */ = {isa = PBXBuildFile; fileRef = F27C97202B29FD5600B70B77 /* CarrotView.swift */; };
/* End PBXBuildFile section */

/* Begin PBXFileReference section */
		F27C97072B29FCFA00B70B77 /* Coordinator-SwiftUI.app */ = {isa = PBXFileReference; explicitFileType = wrapper.application; includeInIndex = 0; path = "Coordinator-SwiftUI.app"; sourceTree = BUILT_PRODUCTS_DIR; };
		F27C970A2B29FCFA00B70B77 /* Coordinator_SwiftUIApp.swift */ = {isa = PBXFileReference; lastKnownFileType = sourcecode.swift; path = Coordinator_SwiftUIApp.swift; sourceTree = "<group>"; };
		F27C970C2B29FCFA00B70B77 /* ContentView.swift */ = {isa = PBXFileReference; lastKnownFileType = sourcecode.swift; path = ContentView.swift; sourceTree = "<group>"; };
		F27C970E2B29FCFB00B70B77 /* Assets.xcassets */ = {isa = PBXFileReference; lastKnownFileType = folder.assetcatalog; path = Assets.xcassets; sourceTree = "<group>"; };
		F27C97112B29FCFB00B70B77 /* Preview Assets.xcassets */ = {isa = PBXFileReference; lastKnownFileType = folder.assetcatalog; path = "Preview Assets.xcassets"; sourceTree = "<group>"; };
		F27C97182B29FD2500B70B77 /* BananaView.swift */ = {isa = PBXFileReference; lastKnownFileType = sourcecode.swift; path = BananaView.swift; sourceTree = "<group>"; };
		F27C971A2B29FD3300B70B77 /* AppleView.swift */ = {isa = PBXFileReference; lastKnownFileType = sourcecode.swift; path = AppleView.swift; sourceTree = "<group>"; };
		F27C971C2B29FD3D00B70B77 /* LemonView.swift */ = {isa = PBXFileReference; lastKnownFileType = sourcecode.swift; path = LemonView.swift; sourceTree = "<group>"; };
		F27C971E2B29FD4B00B70B77 /* OliveView.swift */ = {isa = PBXFileReference; lastKnownFileType = sourcecode.swift; path = OliveView.swift; sourceTree = "<group>"; };
		F27C97202B29FD5600B70B77 /* CarrotView.swift */ = {isa = PBXFileReference; lastKnownFileType = sourcecode.swift; path = CarrotView.swift; sourceTree = "<group>"; };
/* End PBXFileReference section */

/* Begin PBXFrameworksBuildPhase section */
		F27C97042B29FCFA00B70B77 /* Frameworks */ = {
			isa = PBXFrameworksBuildPhase;
			buildActionMask = 2147483647;
			files = (
			);
			runOnlyForDeploymentPostprocessing = 0;
		};
/* End PBXFrameworksBuildPhase section */

/* Begin PBXGroup section */
		F27C96FE2B29FCFA00B70B77 = {
			isa = PBXGroup;
			children = (
				F27C97092B29FCFA00B70B77 /* Coordinator-SwiftUI */,
				F27C97082B29FCFA00B70B77 /* Products */,
			);
			sourceTree = "<group>";
		};
		F27C97082B29FCFA00B70B77 /* Products */ = {
			isa = PBXGroup;
			children = (
				F27C97072B29FCFA00B70B77 /* Coordinator-SwiftUI.app */,
			);
			name = Products;
			sourceTree = "<group>";
		};
		F27C97092B29FCFA00B70B77 /* Coordinator-SwiftUI */ = {
			isa = PBXGroup;
			children = (
				F27C970A2B29FCFA00B70B77 /* Coordinator_SwiftUIApp.swift */,
				F27C970C2B29FCFA00B70B77 /* ContentView.swift */,
				F27C971A2B29FD3300B70B77 /* AppleView.swift */,
				F27C97182B29FD2500B70B77 /* BananaView.swift */,
				F27C97202B29FD5600B70B77 /* CarrotView.swift */,
				F27C971C2B29FD3D00B70B77 /* LemonView.swift */,
				F27C971E2B29FD4B00B70B77 /* OliveView.swift */,
				F27C970E2B29FCFB00B70B77 /* Assets.xcassets */,
				F27C97102B29FCFB00B70B77 /* Preview Content */,
			);
			path = "Coordinator-SwiftUI";
			sourceTree = "<group>";
		};
		F27C97102B29FCFB00B70B77 /* Preview Content */ = {
			isa = PBXGroup;
			children = (
				F27C97112B29FCFB00B70B77 /* Preview Assets.xcassets */,
			);
			path = "Preview Content";
			sourceTree = "<group>";
		};
/* End PBXGroup section */

/* Begin PBXNativeTarget section */
		F27C97062B29FCFA00B70B77 /* Coordinator-SwiftUI */ = {
			isa = PBXNativeTarget;
			buildConfigurationList = F27C97152B29FCFB00B70B77 /* Build configuration list for PBXNativeTarget "Coordinator-SwiftUI" */;
			buildPhases = (
				F27C97032B29FCFA00B70B77 /* Sources */,
				F27C97042B29FCFA00B70B77 /* Frameworks */,
				F27C97052B29FCFA00B70B77 /* Resources */,
			);
			buildRules = (
			);
			dependencies = (
			);
			name = "Coordinator-SwiftUI";
			productName = "Coordinator-SwiftUI";
			productReference = F27C97072B29FCFA00B70B77 /* Coordinator-SwiftUI.app */;
			productType = "com.apple.product-type.application";
		};
/* End PBXNativeTarget section */

/* Begin PBXProject section */
		F27C96FF2B29FCFA00B70B77 /* Project object */ = {
			isa = PBXProject;
			attributes = {
				BuildIndependentTargetsInParallel = 1;
				LastSwiftUpdateCheck = 1500;
				LastUpgradeCheck = 1500;
				TargetAttributes = {
					F27C97062B29FCFA00B70B77 = {
						CreatedOnToolsVersion = 15.0.1;
					};
				};
			};
			buildConfigurationList = F27C97022B29FCFA00B70B77 /* Build configuration list for PBXProject "Coordinator-SwiftUI" */;
			compatibilityVersion = "Xcode 14.0";
			developmentRegion = en;
			hasScannedForEncodings = 0;
			knownRegions = (
				en,
				Base,
			);
			mainGroup = F27C96FE2B29FCFA00B70B77;
			productRefGroup = F27C97082B29FCFA00B70B77 /* Products */;
			projectDirPath = "";
			projectRoot = "";
			targets = (
				F27C97062B29FCFA00B70B77 /* Coordinator-SwiftUI */,
			);
		};
/* End PBXProject section */

/* Begin PBXResourcesBuildPhase section */
		F27C97052B29FCFA00B70B77 /* Resources */ = {
			isa = PBXResourcesBuildPhase;
			buildActionMask = 2147483647;
			files = (
				F27C97122B29FCFB00B70B77 /* Preview Assets.xcassets in Resources */,
				F27C970F2B29FCFB00B70B77 /* Assets.xcassets in Resources */,
			);
			runOnlyForDeploymentPostprocessing = 0;
		};
/* End PBXResourcesBuildPhase section */

/* Begin PBXSourcesBuildPhase section */
		F27C97032B29FCFA00B70B77 /* Sources */ = {
			isa = PBXSourcesBuildPhase;
			buildActionMask = 2147483647;
			files = (
				F27C970D2B29FCFA00B70B77 /* ContentView.swift in Sources */,
				F27C97192B29FD2500B70B77 /* BananaView.swift in Sources */,
				F27C971F2B29FD4B00B70B77 /* OliveView.swift in Sources */,
				F27C97212B29FD5600B70B77 /* CarrotView.swift in Sources */,
				F27C970B2B29FCFA00B70B77 /* Coordinator_SwiftUIApp.swift in Sources */,
				F27C971B2B29FD3300B70B77 /* AppleView.swift in Sources */,
				F27C971D2B29FD3D00B70B77 /* LemonView.swift in Sources */,
			);
			runOnlyForDeploymentPostprocessing = 0;
		};
/* End PBXSourcesBuildPhase section */

/* Begin XCBuildConfiguration section */
		F27C97132B29FCFB00B70B77 /* Debug */ = {
			isa = XCBuildConfiguration;
			buildSettings = {
				ALWAYS_SEARCH_USER_PATHS = NO;
				ASSETCATALOG_COMPILER_GENERATE_SWIFT_ASSET_SYMBOL_EXTENSIONS = YES;
				CLANG_ANALYZER_NONNULL = YES;
				CLANG_ANALYZER_NUMBER_OBJECT_CONVERSION = YES_AGGRESSIVE;
				CLANG_CXX_LANGUAGE_STANDARD = "gnu++20";
				CLANG_ENABLE_MODULES = YES;
				CLANG_ENABLE_OBJC_ARC = YES;
				CLANG_ENABLE_OBJC_WEAK = YES;
				CLANG_WARN_BLOCK_CAPTURE_AUTORELEASING = YES;
				CLANG_WARN_BOOL_CONVERSION = YES;
				CLANG_WARN_COMMA = YES;
				CLANG_WARN_CONSTANT_CONVERSION = YES;
				CLANG_WARN_DEPRECATED_OBJC_IMPLEMENTATIONS = YES;
				CLANG_WARN_DIRECT_OBJC_ISA_USAGE = YES_ERROR;
				CLANG_WARN_DOCUMENTATION_COMMENTS = YES;
				CLANG_WARN_EMPTY_BODY = YES;
				CLANG_WARN_ENUM_CONVERSION = YES;
				CLANG_WARN_INFINITE_RECURSION = YES;
				CLANG_WARN_INT_CONVERSION = YES;
				CLANG_WARN_NON_LITERAL_NULL_CONVERSION = YES;
				CLANG_WARN_OBJC_IMPLICIT_RETAIN_SELF = YES;
				CLANG_WARN_OBJC_LITERAL_CONVERSION = YES;
				CLANG_WARN_OBJC_ROOT_CLASS = YES_ERROR;
				CLANG_WARN_QUOTED_INCLUDE_IN_FRAMEWORK_HEADER = YES;
				CLANG_WARN_RANGE_LOOP_ANALYSIS = YES;
				CLANG_WARN_STRICT_PROTOTYPES = YES;
				CLANG_WARN_SUSPICIOUS_MOVE = YES;
				CLANG_WARN_UNGUARDED_AVAILABILITY = YES_AGGRESSIVE;
				CLANG_WARN_UNREACHABLE_CODE = YES;
				CLANG_WARN__DUPLICATE_METHOD_MATCH = YES;
				COPY_PHASE_STRIP = NO;
				DEBUG_INFORMATION_FORMAT = dwarf;
				ENABLE_STRICT_OBJC_MSGSEND = YES;
				ENABLE_TESTABILITY = YES;
				ENABLE_USER_SCRIPT_SANDBOXING = YES;
				GCC_C_LANGUAGE_STANDARD = gnu17;
				GCC_DYNAMIC_NO_PIC = NO;
				GCC_NO_COMMON_BLOCKS = YES;
				GCC_OPTIMIZATION_LEVEL = 0;
				GCC_PREPROCESSOR_DEFINITIONS = (
					"DEBUG=1",
					"$(inherited)",
				);
				GCC_WARN_64_TO_32_BIT_CONVERSION = YES;
				GCC_WARN_ABOUT_RETURN_TYPE = YES_ERROR;
				GCC_WARN_UNDECLARED_SELECTOR = YES;
				GCC_WARN_UNINITIALIZED_AUTOS = YES_AGGRESSIVE;
				GCC_WARN_UNUSED_FUNCTION = YES;
				GCC_WARN_UNUSED_VARIABLE = YES;
				IPHONEOS_DEPLOYMENT_TARGET = 17.0;
				LOCALIZATION_PREFERS_STRING_CATALOGS = YES;
				MTL_ENABLE_DEBUG_INFO = INCLUDE_SOURCE;
				MTL_FAST_MATH = YES;
				ONLY_ACTIVE_ARCH = YES;
				SDKROOT = iphoneos;
				SWIFT_ACTIVE_COMPILATION_CONDITIONS = "DEBUG $(inherited)";
				SWIFT_OPTIMIZATION_LEVEL = "-Onone";
			};
			name = Debug;
		};
		F27C97142B29FCFB00B70B77 /* Release */ = {
			isa = XCBuildConfiguration;
			buildSettings = {
				ALWAYS_SEARCH_USER_PATHS = NO;
				ASSETCATALOG_COMPILER_GENERATE_SWIFT_ASSET_SYMBOL_EXTENSIONS = YES;
				CLANG_ANALYZER_NONNULL = YES;
				CLANG_ANALYZER_NUMBER_OBJECT_CONVERSION = YES_AGGRESSIVE;
				CLANG_CXX_LANGUAGE_STANDARD = "gnu++20";
				CLANG_ENABLE_MODULES = YES;
				CLANG_ENABLE_OBJC_ARC = YES;
				CLANG_ENABLE_OBJC_WEAK = YES;
				CLANG_WARN_BLOCK_CAPTURE_AUTORELEASING = YES;
				CLANG_WARN_BOOL_CONVERSION = YES;
				CLANG_WARN_COMMA = YES;
				CLANG_WARN_CONSTANT_CONVERSION = YES;
				CLANG_WARN_DEPRECATED_OBJC_IMPLEMENTATIONS = YES;
				CLANG_WARN_DIRECT_OBJC_ISA_USAGE = YES_ERROR;
				CLANG_WARN_DOCUMENTATION_COMMENTS = YES;
				CLANG_WARN_EMPTY_BODY = YES;
				CLANG_WARN_ENUM_CONVERSION = YES;
				CLANG_WARN_INFINITE_RECURSION = YES;
				CLANG_WARN_INT_CONVERSION = YES;
				CLANG_WARN_NON_LITERAL_NULL_CONVERSION = YES;
				CLANG_WARN_OBJC_IMPLICIT_RETAIN_SELF = YES;
				CLANG_WARN_OBJC_LITERAL_CONVERSION = YES;
				CLANG_WARN_OBJC_ROOT_CLASS = YES_ERROR;
				CLANG_WARN_QUOTED_INCLUDE_IN_FRAMEWORK_HEADER = YES;
				CLANG_WARN_RANGE_LOOP_ANALYSIS = YES;
				CLANG_WARN_STRICT_PROTOTYPES = YES;
				CLANG_WARN_SUSPICIOUS_MOVE = YES;
				CLANG_WARN_UNGUARDED_AVAILABILITY = YES_AGGRESSIVE;
				CLANG_WARN_UNREACHABLE_CODE = YES;
				CLANG_WARN__DUPLICATE_METHOD_MATCH = YES;
				COPY_PHASE_STRIP = NO;
				DEBUG_INFORMATION_FORMAT = "dwarf-with-dsym";
				ENABLE_NS_ASSERTIONS = NO;
				ENABLE_STRICT_OBJC_MSGSEND = YES;
				ENABLE_USER_SCRIPT_SANDBOXING = YES;
				GCC_C_LANGUAGE_STANDARD = gnu17;
				GCC_NO_COMMON_BLOCKS = YES;
				GCC_WARN_64_TO_32_BIT_CONVERSION = YES;
				GCC_WARN_ABOUT_RETURN_TYPE = YES_ERROR;
				GCC_WARN_UNDECLARED_SELECTOR = YES;
				GCC_WARN_UNINITIALIZED_AUTOS = YES_AGGRESSIVE;
				GCC_WARN_UNUSED_FUNCTION = YES;
				GCC_WARN_UNUSED_VARIABLE = YES;
				IPHONEOS_DEPLOYMENT_TARGET = 17.0;
				LOCALIZATION_PREFERS_STRING_CATALOGS = YES;
				MTL_ENABLE_DEBUG_INFO = NO;
				MTL_FAST_MATH = YES;
				SDKROOT = iphoneos;
				SWIFT_COMPILATION_MODE = wholemodule;
				VALIDATE_PRODUCT = YES;
			};
			name = Release;
		};
		F27C97162B29FCFB00B70B77 /* Debug */ = {
			isa = XCBuildConfiguration;
			buildSettings = {
				ASSETCATALOG_COMPILER_APPICON_NAME = AppIcon;
				ASSETCATALOG_COMPILER_GLOBAL_ACCENT_COLOR_NAME = AccentColor;
				CODE_SIGN_STYLE = Automatic;
				CURRENT_PROJECT_VERSION = 1;
				DEVELOPMENT_ASSET_PATHS = "\"Coordinator-SwiftUI/Preview Content\"";
				DEVELOPMENT_TEAM = PA7L263H2S;
				ENABLE_PREVIEWS = YES;
				GENERATE_INFOPLIST_FILE = YES;
				INFOPLIST_KEY_UIApplicationSceneManifest_Generation = YES;
				INFOPLIST_KEY_UIApplicationSupportsIndirectInputEvents = YES;
				INFOPLIST_KEY_UILaunchScreen_Generation = YES;
				INFOPLIST_KEY_UISupportedInterfaceOrientations_iPad = "UIInterfaceOrientationPortrait UIInterfaceOrientationPortraitUpsideDown UIInterfaceOrientationLandscapeLeft UIInterfaceOrientationLandscapeRight";
				INFOPLIST_KEY_UISupportedInterfaceOrientations_iPhone = "UIInterfaceOrientationPortrait UIInterfaceOrientationLandscapeLeft UIInterfaceOrientationLandscapeRight";
				LD_RUNPATH_SEARCH_PATHS = (
					"$(inherited)",
					"@executable_path/Frameworks",
				);
				MARKETING_VERSION = 1.0;
				PRODUCT_BUNDLE_IDENTIFIER = "com.galileoguzman.Coordinator-SwiftUI";
				PRODUCT_NAME = "$(TARGET_NAME)";
				SWIFT_EMIT_LOC_STRINGS = YES;
				SWIFT_VERSION = 5.0;
				TARGETED_DEVICE_FAMILY = "1,2";
			};
			name = Debug;
		};
		F27C97172B29FCFB00B70B77 /* Release */ = {
			isa = XCBuildConfiguration;
			buildSettings = {
				ASSETCATALOG_COMPILER_APPICON_NAME = AppIcon;
				ASSETCATALOG_COMPILER_GLOBAL_ACCENT_COLOR_NAME = AccentColor;
				CODE_SIGN_STYLE = Automatic;
				CURRENT_PROJECT_VERSION = 1;
				DEVELOPMENT_ASSET_PATHS = "\"Coordinator-SwiftUI/Preview Content\"";
				DEVELOPMENT_TEAM = PA7L263H2S;
				ENABLE_PREVIEWS = YES;
				GENERATE_INFOPLIST_FILE = YES;
				INFOPLIST_KEY_UIApplicationSceneManifest_Generation = YES;
				INFOPLIST_KEY_UIApplicationSupportsIndirectInputEvents = YES;
				INFOPLIST_KEY_UILaunchScreen_Generation = YES;
				INFOPLIST_KEY_UISupportedInterfaceOrientations_iPad = "UIInterfaceOrientationPortrait UIInterfaceOrientationPortraitUpsideDown UIInterfaceOrientationLandscapeLeft UIInterfaceOrientationLandscapeRight";
				INFOPLIST_KEY_UISupportedInterfaceOrientations_iPhone = "UIInterfaceOrientationPortrait UIInterfaceOrientationLandscapeLeft UIInterfaceOrientationLandscapeRight";
				LD_RUNPATH_SEARCH_PATHS = (
					"$(inherited)",
					"@executable_path/Frameworks",
				);
				MARKETING_VERSION = 1.0;
				PRODUCT_BUNDLE_IDENTIFIER = "com.galileoguzman.Coordinator-SwiftUI";
				PRODUCT_NAME = "$(TARGET_NAME)";
				SWIFT_EMIT_LOC_STRINGS = YES;
				SWIFT_VERSION = 5.0;
				TARGETED_DEVICE_FAMILY = "1,2";
			};
			name = Release;
		};
/* End XCBuildConfiguration section */

/* Begin XCConfigurationList section */
		F27C97022B29FCFA00B70B77 /* Build configuration list for PBXProject "Coordinator-SwiftUI" */ = {
			isa = XCConfigurationList;
			buildConfigurations = (
				F27C97132B29FCFB00B70B77 /* Debug */,
				F27C97142B29FCFB00B70B77 /* Release */,
			);
			defaultConfigurationIsVisible = 0;
			defaultConfigurationName = Release;
		};
		F27C97152B29FCFB00B70B77 /* Build configuration list for PBXNativeTarget "Coordinator-SwiftUI" */ = {
			isa = XCConfigurationList;
			buildConfigurations = (
				F27C97162B29FCFB00B70B77 /* Debug */,
				F27C97172B29FCFB00B70B77 /* Release */,
			);
			defaultConfigurationIsVisible = 0;
			defaultConfigurationName = Release;
		};
/* End XCConfigurationList section */
	};
	rootObject = F27C96FF2B29FCFA00B70B77 /* Project object */;
}
